
Microsoft Visual Studio Solution File, Format Version 12.00
# Visual Studio Version 17
VisualStudioVersion = 17.0.31912.275
MinimumVisualStudioVersion = 10.0.40219.1
Project("{FAE04EC0-301F-11D3-BF4B-00C04F79EFBC}") = "API_QrCode", "API_QrCode.csproj", "{2A27AED8-EA15-4A37-81A5-DDC9ACB24019}"
EndProject
Global
	GlobalSection(SolutionConfigurationPlatforms) = preSolution
		Debug|Any CPU = Debug|Any CPU
		Release|Any CPU = Release|Any CPU
	EndGlobalSection
	GlobalSection(ProjectConfigurationPlatforms) = postSolution
		{2A27AED8-EA15-4A37-81A5-DDC9ACB24019}.Debug|Any CPU.ActiveCfg = Debug|Any CPU
		{2A27AED8-EA15-4A37-81A5-DDC9ACB24019}.Debug|Any CPU.Build.0 = Debug|Any CPU
		{2A27AED8-EA15-4A37-81A5-DDC9ACB24019}.Release|Any CPU.ActiveCfg = Release|Any CPU
		{2A27AED8-EA15-4A37-81A5-DDC9ACB24019}.Release|Any CPU.Build.0 = Release|Any CPU
	EndGlobalSection
	GlobalSection(SolutionProperties) = preSolution
		HideSolutionNode = FALSE
	EndGlobalSection
	GlobalSection(ExtensibilityGlobals) = postSolution
		SolutionGuid = {E5FBBAEC-5E37-4799-903D-7D9062EDF5CF}
	EndGlobalSection
EndGlobal
